
Microsoft Visual Studio Solution File, Format Version 12.00
# Visual Studio Version 16
VisualStudioVersion = 16.0.30204.135
MinimumVisualStudioVersion = 10.0.40219.1
Project("{FAE04EC0-301F-11D3-BF4B-00C04F79EFBC}") = "BethesdaMobileXamarin.Android", "BethesdaMobileXamarin\BethesdaMobileXamarin.Android\BethesdaMobileXamarin.Android.csproj", "{64B4C0C2-5E5E-4292-BC9E-E63938DB8BCC}"
EndProject
Project("{FAE04EC0-301F-11D3-BF4B-00C04F79EFBC}") = "BethesdaMobileXamarin.iOS", "BethesdaMobileXamarin\BethesdaMobileXamarin.iOS\BethesdaMobileXamarin.iOS.csproj", "{BF67DCE3-E608-4144-BC4F-9EE51C32AA60}"
EndProject
Project("{9A19103F-16F7-4668-BE54-9A1E7A4F7556}") = "BethesdaMobileXamarin", "BethesdaMobileXamarin\BethesdaMobileXamarin\BethesdaMobileXamarin.csproj", "{DFE42C29-B408-478F-BF47-E15265C4F955}"
EndProject
Project("{2150E333-8FDC-42A3-9474-1A3956D46DE8}") = "Solution Items", "Solution Items", "{0F06815C-ABEF-4532-800B-1C5F8706CA59}"
	ProjectSection(SolutionItems) = preProject
		.editorconfig = .editorconfig
	EndProjectSection
EndProject
Global
	GlobalSection(SolutionConfigurationPlatforms) = preSolution
		Debug|Any CPU = Debug|Any CPU
		Debug|iPhone = Debug|iPhone
		Debug|iPhoneSimulator = Debug|iPhoneSimulator
		Release|Any CPU = Release|Any CPU
		Release|iPhone = Release|iPhone
		Release|iPhoneSimulator = Release|iPhoneSimulator
	EndGlobalSection
	GlobalSection(ProjectConfigurationPlatforms) = postSolution
		{64B4C0C2-5E5E-4292-BC9E-E63938DB8BCC}.Debug|Any CPU.ActiveCfg = Debug|Any CPU
		{64B4C0C2-5E5E-4292-BC9E-E63938DB8BCC}.Debug|Any CPU.Build.0 = Debug|Any CPU
		{64B4C0C2-5E5E-4292-BC9E-E63938DB8BCC}.Debug|Any CPU.Deploy.0 = Debug|Any CPU
		{64B4C0C2-5E5E-4292-BC9E-E63938DB8BCC}.Debug|iPhone.ActiveCfg = Debug|Any CPU
		{64B4C0C2-5E5E-4292-BC9E-E63938DB8BCC}.Debug|iPhone.Build.0 = Debug|Any CPU
		{64B4C0C2-5E5E-4292-BC9E-E63938DB8BCC}.Debug|iPhone.Deploy.0 = Debug|Any CPU
		{64B4C0C2-5E5E-4292-BC9E-E63938DB8BCC}.Debug|iPhoneSimulator.ActiveCfg = Debug|Any CPU
		{64B4C0C2-5E5E-4292-BC9E-E63938DB8BCC}.Debug|iPhoneSimulator.Build.0 = Debug|Any CPU
		{64B4C0C2-5E5E-4292-BC9E-E63938DB8BCC}.Debug|iPhoneSimulator.Deploy.0 = Debug|Any CPU
		{64B4C0C2-5E5E-4292-BC9E-E63938DB8BCC}.Release|Any CPU.ActiveCfg = Release|Any CPU
		{64B4C0C2-5E5E-4292-BC9E-E63938DB8BCC}.Release|Any CPU.Build.0 = Release|Any CPU
		{64B4C0C2-5E5E-4292-BC9E-E63938DB8BCC}.Release|Any CPU.Deploy.0 = Release|Any CPU
		{64B4C0C2-5E5E-4292-BC9E-E63938DB8BCC}.Release|iPhone.ActiveCfg = Release|Any CPU
		{64B4C0C2-5E5E-4292-BC9E-E63938DB8BCC}.Release|iPhone.Build.0 = Release|Any CPU
		{64B4C0C2-5E5E-4292-BC9E-E63938DB8BCC}.Release|iPhone.Deploy.0 = Release|Any CPU
		{64B4C0C2-5E5E-4292-BC9E-E63938DB8BCC}.Release|iPhoneSimulator.ActiveCfg = Release|Any CPU
		{64B4C0C2-5E5E-4292-BC9E-E63938DB8BCC}.Release|iPhoneSimulator.Build.0 = Release|Any CPU
		{64B4C0C2-5E5E-4292-BC9E-E63938DB8BCC}.Release|iPhoneSimulator.Deploy.0 = Release|Any CPU
		{BF67DCE3-E608-4144-BC4F-9EE51C32AA60}.Debug|Any CPU.ActiveCfg = Debug|iPhone
		{BF67DCE3-E608-4144-BC4F-9EE51C32AA60}.Debug|Any CPU.Build.0 = Debug|iPhone
		{BF67DCE3-E608-4144-BC4F-9EE51C32AA60}.Debug|Any CPU.Deploy.0 = Debug|iPhone
		{BF67DCE3-E608-4144-BC4F-9EE51C32AA60}.Debug|iPhone.ActiveCfg = Debug|iPhone
		{BF67DCE3-E608-4144-BC4F-9EE51C32AA60}.Debug|iPhone.Build.0 = Debug|iPhone
		{BF67DCE3-E608-4144-BC4F-9EE51C32AA60}.Debug|iPhone.Deploy.0 = Debug|iPhone
		{BF67DCE3-E608-4144-BC4F-9EE51C32AA60}.Debug|iPhoneSimulator.ActiveCfg = Debug|iPhoneSimulator
		{BF67DCE3-E608-4144-BC4F-9EE51C32AA60}.Debug|iPhoneSimulator.Build.0 = Debug|iPhoneSimulator
		{BF67DCE3-E608-4144-BC4F-9EE51C32AA60}.Debug|iPhoneSimulator.Deploy.0 = Debug|iPhoneSimulator
		{BF67DCE3-E608-4144-BC4F-9EE51C32AA60}.Release|Any CPU.ActiveCfg = Release|iPhone
		{BF67DCE3-E608-4144-BC4F-9EE51C32AA60}.Release|Any CPU.Build.0 = Release|iPhone
		{BF67DCE3-E608-4144-BC4F-9EE51C32AA60}.Release|Any CPU.Deploy.0 = Release|iPhone
		{BF67DCE3-E608-4144-BC4F-9EE51C32AA60}.Release|iPhone.ActiveCfg = Release|iPhone
		{BF67DCE3-E608-4144-BC4F-9EE51C32AA60}.Release|iPhone.Build.0 = Release|iPhone
		{BF67DCE3-E608-4144-BC4F-9EE51C32AA60}.Release|iPhone.Deploy.0 = Release|iPhone
		{BF67DCE3-E608-4144-BC4F-9EE51C32AA60}.Release|iPhoneSimulator.ActiveCfg = Release|iPhoneSimulator
		{BF67DCE3-E608-4144-BC4F-9EE51C32AA60}.Release|iPhoneSimulator.Build.0 = Release|iPhoneSimulator
		{BF67DCE3-E608-4144-BC4F-9EE51C32AA60}.Release|iPhoneSimulator.Deploy.0 = Release|iPhoneSimulator
		{DFE42C29-B408-478F-BF47-E15265C4F955}.Debug|Any CPU.ActiveCfg = Debug|Any CPU
		{DFE42C29-B408-478F-BF47-E15265C4F955}.Debug|Any CPU.Build.0 = Debug|Any CPU
		{DFE42C29-B408-478F-BF47-E15265C4F955}.Debug|Any CPU.Deploy.0 = Debug|Any CPU
		{DFE42C29-B408-478F-BF47-E15265C4F955}.Debug|iPhone.ActiveCfg = Debug|Any CPU
		{DFE42C29-B408-478F-BF47-E15265C4F955}.Debug|iPhone.Build.0 = Debug|Any CPU
		{DFE42C29-B408-478F-BF47-E15265C4F955}.Debug|iPhone.Deploy.0 = Debug|Any CPU
		{DFE42C29-B408-478F-BF47-E15265C4F955}.Debug|iPhoneSimulator.ActiveCfg = Debug|Any CPU
		{DFE42C29-B408-478F-BF47-E15265C4F955}.Debug|iPhoneSimulator.Build.0 = Debug|Any CPU
		{DFE42C29-B408-478F-BF47-E15265C4F955}.Debug|iPhoneSimulator.Deploy.0 = Debug|Any CPU
		{DFE42C29-B408-478F-BF47-E15265C4F955}.Release|Any CPU.ActiveCfg = Release|Any CPU
		{DFE42C29-B408-478F-BF47-E15265C4F955}.Release|Any CPU.Build.0 = Release|Any CPU
		{DFE42C29-B408-478F-BF47-E15265C4F955}.Release|Any CPU.Deploy.0 = Release|Any CPU
		{DFE42C29-B408-478F-BF47-E15265C4F955}.Release|iPhone.ActiveCfg = Release|Any CPU
		{DFE42C29-B408-478F-BF47-E15265C4F955}.Release|iPhone.Build.0 = Release|Any CPU
		{DFE42C29-B408-478F-BF47-E15265C4F955}.Release|iPhone.Deploy.0 = Release|Any CPU
		{DFE42C29-B408-478F-BF47-E15265C4F955}.Release|iPhoneSimulator.ActiveCfg = Release|Any CPU
		{DFE42C29-B408-478F-BF47-E15265C4F955}.Release|iPhoneSimulator.Build.0 = Release|Any CPU
		{DFE42C29-B408-478F-BF47-E15265C4F955}.Release|iPhoneSimulator.Deploy.0 = Release|Any CPU
	EndGlobalSection
	GlobalSection(SolutionProperties) = preSolution
		HideSolutionNode = FALSE
	EndGlobalSection
	GlobalSection(ExtensibilityGlobals) = postSolution
		SolutionGuid = {38CCCC1C-6AE2-47D5-AFEF-F69D62ECD368}
	EndGlobalSection
	GlobalSection(MonoDevelopProperties) = preSolution
		version = 1
	EndGlobalSection
EndGlobal
